// !$*UTF8*$!
{
	archiveVersion = 1;
	classes = {
	};
	objectVersion = 55;
	objects = {

/* Begin PBXBuildFile section */
		42F85B6E28953B7500B10CAD /* AppDelegate.swift in Sources */ = {isa = PBXBuildFile; fileRef = 42F85B6D28953B7500B10CAD /* AppDelegate.swift */; };
		42F85B7028953B7500B10CAD /* SceneDelegate.swift in Sources */ = {isa = PBXBuildFile; fileRef = 42F85B6F28953B7500B10CAD /* SceneDelegate.swift */; };
		42F85B7728953B7A00B10CAD /* Assets.xcassets in Resources */ = {isa = PBXBuildFile; fileRef = 42F85B7628953B7A00B10CAD /* Assets.xcassets */; };
		42F85B7A28953B7A00B10CAD /* LaunchScreen.storyboard in Resources */ = {isa = PBXBuildFile; fileRef = 42F85B7828953B7A00B10CAD /* LaunchScreen.storyboard */; };
		42F85B8328953B9200B10CAD /* View.swift in Sources */ = {isa = PBXBuildFile; fileRef = 42F85B8228953B9200B10CAD /* View.swift */; };
		42F85B8528953B9B00B10CAD /* Router.swift in Sources */ = {isa = PBXBuildFile; fileRef = 42F85B8428953B9B00B10CAD /* Router.swift */; };
		42F85B8728953BAA00B10CAD /* Entity.swift in Sources */ = {isa = PBXBuildFile; fileRef = 42F85B8628953BAA00B10CAD /* Entity.swift */; };
		42F85B8928953BBD00B10CAD /* Interactor.swift in Sources */ = {isa = PBXBuildFile; fileRef = 42F85B8828953BBD00B10CAD /* Interactor.swift */; };
		42F85B8B28953BCE00B10CAD /* Presenter.swift in Sources */ = {isa = PBXBuildFile; fileRef = 42F85B8A28953BCD00B10CAD /* Presenter.swift */; };
/* End PBXBuildFile section */

/* Begin PBXFileReference section */
		42F85B6A28953B7500B10CAD /* VIPERDesignPattern.app */ = {isa = PBXFileReference; explicitFileType = wrapper.application; includeInIndex = 0; path = VIPERDesignPattern.app; sourceTree = BUILT_PRODUCTS_DIR; };
		42F85B6D28953B7500B10CAD /* AppDelegate.swift */ = {isa = PBXFileReference; lastKnownFileType = sourcecode.swift; path = AppDelegate.swift; sourceTree = "<group>"; };
		42F85B6F28953B7500B10CAD /* SceneDelegate.swift */ = {isa = PBXFileReference; lastKnownFileType = sourcecode.swift; path = SceneDelegate.swift; sourceTree = "<group>"; };
		42F85B7628953B7A00B10CAD /* Assets.xcassets */ = {isa = PBXFileReference; lastKnownFileType = folder.assetcatalog; path = Assets.xcassets; sourceTree = "<group>"; };
		42F85B7928953B7A00B10CAD /* Base */ = {isa = PBXFileReference; lastKnownFileType = file.storyboard; name = Base; path = Base.lproj/LaunchScreen.storyboard; sourceTree = "<group>"; };
		42F85B7B28953B7A00B10CAD /* Info.plist */ = {isa = PBXFileReference; lastKnownFileType = text.plist.xml; path = Info.plist; sourceTree = "<group>"; };
		42F85B8228953B9200B10CAD /* View.swift */ = {isa = PBXFileReference; lastKnownFileType = sourcecode.swift; path = View.swift; sourceTree = "<group>"; };
		42F85B8428953B9B00B10CAD /* Router.swift */ = {isa = PBXFileReference; lastKnownFileType = sourcecode.swift; path = Router.swift; sourceTree = "<group>"; };
		42F85B8628953BAA00B10CAD /* Entity.swift */ = {isa = PBXFileReference; lastKnownFileType = sourcecode.swift; path = Entity.swift; sourceTree = "<group>"; };
		42F85B8828953BBD00B10CAD /* Interactor.swift */ = {isa = PBXFileReference; lastKnownFileType = sourcecode.swift; path = Interactor.swift; sourceTree = "<group>"; };
		42F85B8A28953BCD00B10CAD /* Presenter.swift */ = {isa = PBXFileReference; lastKnownFileType = sourcecode.swift; path = Presenter.swift; sourceTree = "<group>"; };
/* End PBXFileReference section */

/* Begin PBXFrameworksBuildPhase section */
		42F85B6728953B7500B10CAD /* Frameworks */ = {
			isa = PBXFrameworksBuildPhase;
			buildActionMask = 2147483647;
			files = (
			);
			runOnlyForDeploymentPostprocessing = 0;
		};
/* End PBXFrameworksBuildPhase section */

/* Begin PBXGroup section */
		42F85B6128953B7500B10CAD = {
			isa = PBXGroup;
			children = (
				42F85B6C28953B7500B10CAD /* VIPERDesignPattern */,
				42F85B6B28953B7500B10CAD /* Products */,
			);
			sourceTree = "<group>";
		};
		42F85B6B28953B7500B10CAD /* Products */ = {
			isa = PBXGroup;
			children = (
				42F85B6A28953B7500B10CAD /* VIPERDesignPattern.app */,
			);
			name = Products;
			sourceTree = "<group>";
		};
		42F85B6C28953B7500B10CAD /* VIPERDesignPattern */ = {
			isa = PBXGroup;
			children = (
				42F85B8128953B8500B10CAD /* VIPER */,
				42F85B6D28953B7500B10CAD /* AppDelegate.swift */,
				42F85B6F28953B7500B10CAD /* SceneDelegate.swift */,
				42F85B7628953B7A00B10CAD /* Assets.xcassets */,
				42F85B7828953B7A00B10CAD /* LaunchScreen.storyboard */,
				42F85B7B28953B7A00B10CAD /* Info.plist */,
			);
			path = VIPERDesignPattern;
			sourceTree = "<group>";
		};
		42F85B8128953B8500B10CAD /* VIPER */ = {
			isa = PBXGroup;
			children = (
				42F85B8228953B9200B10CAD /* View.swift */,
				42F85B8428953B9B00B10CAD /* Router.swift */,
				42F85B8628953BAA00B10CAD /* Entity.swift */,
				42F85B8828953BBD00B10CAD /* Interactor.swift */,
				42F85B8A28953BCD00B10CAD /* Presenter.swift */,
			);
			path = VIPER;
			sourceTree = "<group>";
		};
/* End PBXGroup section */

/* Begin PBXNativeTarget section */
		42F85B6928953B7500B10CAD /* VIPERDesignPattern */ = {
			isa = PBXNativeTarget;
			buildConfigurationList = 42F85B7E28953B7A00B10CAD /* Build configuration list for PBXNativeTarget "VIPERDesignPattern" */;
			buildPhases = (
				42F85B6628953B7500B10CAD /* Sources */,
				42F85B6728953B7500B10CAD /* Frameworks */,
				42F85B6828953B7500B10CAD /* Resources */,
			);
			buildRules = (
			);
			dependencies = (
			);
			name = VIPERDesignPattern;
			productName = VIPERDesignPattern;
			productReference = 42F85B6A28953B7500B10CAD /* VIPERDesignPattern.app */;
			productType = "com.apple.product-type.application";
		};
/* End PBXNativeTarget section */

/* Begin PBXProject section */
		42F85B6228953B7500B10CAD /* Project object */ = {
			isa = PBXProject;
			attributes = {
				BuildIndependentTargetsInParallel = 1;
				LastSwiftUpdateCheck = 1330;
				LastUpgradeCheck = 1330;
				TargetAttributes = {
					42F85B6928953B7500B10CAD = {
						CreatedOnToolsVersion = 13.3.1;
					};
				};
			};
			buildConfigurationList = 42F85B6528953B7500B10CAD /* Build configuration list for PBXProject "VIPERDesignPattern" */;
			compatibilityVersion = "Xcode 13.0";
			developmentRegion = en;
			hasScannedForEncodings = 0;
			knownRegions = (
				en,
				Base,
			);
			mainGroup = 42F85B6128953B7500B10CAD;
			productRefGroup = 42F85B6B28953B7500B10CAD /* Products */;
			projectDirPath = "";
			projectRoot = "";
			targets = (
				42F85B6928953B7500B10CAD /* VIPERDesignPattern */,
			);
		};
/* End PBXProject section */

/* Begin PBXResourcesBuildPhase section */
		42F85B6828953B7500B10CAD /* Resources */ = {
			isa = PBXResourcesBuildPhase;
			buildActionMask = 2147483647;
			files = (
				42F85B7A28953B7A00B10CAD /* LaunchScreen.storyboard in Resources */,
				42F85B7728953B7A00B10CAD /* Assets.xcassets in Resources */,
			);
			runOnlyForDeploymentPostprocessing = 0;
		};
/* End PBXResourcesBuildPhase section */

/* Begin PBXSourcesBuildPhase section */
		42F85B6628953B7500B10CAD /* Sources */ = {
			isa = PBXSourcesBuildPhase;
			buildActionMask = 2147483647;
			files = (
				42F85B8328953B9200B10CAD /* View.swift in Sources */,
				42F85B8B28953BCE00B10CAD /* Presenter.swift in Sources */,
				42F85B8728953BAA00B10CAD /* Entity.swift in Sources */,
				42F85B8528953B9B00B10CAD /* Router.swift in Sources */,
				42F85B6E28953B7500B10CAD /* AppDelegate.swift in Sources */,
				42F85B8928953BBD00B10CAD /* Interactor.swift in Sources */,
				42F85B7028953B7500B10CAD /* SceneDelegate.swift in Sources */,
			);
			runOnlyForDeploymentPostprocessing = 0;
		};
/* End PBXSourcesBuildPhase section */

/* Begin PBXVariantGroup section */
		42F85B7828953B7A00B10CAD /* LaunchScreen.storyboard */ = {
			isa = PBXVariantGroup;
			children = (
				42F85B7928953B7A00B10CAD /* Base */,
			);
			name = LaunchScreen.storyboard;
			sourceTree = "<group>";
		};
/* End PBXVariantGroup section */

/* Begin XCBuildConfiguration section */
		42F85B7C28953B7A00B10CAD /* Debug */ = {
			isa = XCBuildConfiguration;
			buildSettings = {
				ALWAYS_SEARCH_USER_PATHS = NO;
				CLANG_ANALYZER_NONNULL = YES;
				CLANG_ANALYZER_NUMBER_OBJECT_CONVERSION = YES_AGGRESSIVE;
				CLANG_CXX_LANGUAGE_STANDARD = "gnu++17";
				CLANG_ENABLE_MODULES = YES;
				CLANG_ENABLE_OBJC_ARC = YES;
				CLANG_ENABLE_OBJC_WEAK = YES;
				CLANG_WARN_BLOCK_CAPTURE_AUTORELEASING = YES;
				CLANG_WARN_BOOL_CONVERSION = YES;
				CLANG_WARN_COMMA = YES;
				CLANG_WARN_CONSTANT_CONVERSION = YES;
				CLANG_WARN_DEPRECATED_OBJC_IMPLEMENTATIONS = YES;
				CLANG_WARN_DIRECT_OBJC_ISA_USAGE = YES_ERROR;
				CLANG_WARN_DOCUMENTATION_COMMENTS = YES;
				CLANG_WARN_EMPTY_BODY = YES;
				CLANG_WARN_ENUM_CONVERSION = YES;
				CLANG_WARN_INFINITE_RECURSION = YES;
				CLANG_WARN_INT_CONVERSION = YES;
				CLANG_WARN_NON_LITERAL_NULL_CONVERSION = YES;
				CLANG_WARN_OBJC_IMPLICIT_RETAIN_SELF = YES;
				CLANG_WARN_OBJC_LITERAL_CONVERSION = YES;
				CLANG_WARN_OBJC_ROOT_CLASS = YES_ERROR;
				CLANG_WARN_QUOTED_INCLUDE_IN_FRAMEWORK_HEADER = YES;
				CLANG_WARN_RANGE_LOOP_ANALYSIS = YES;
				CLANG_WARN_STRICT_PROTOTYPES = YES;
				CLANG_WARN_SUSPICIOUS_MOVE = YES;
				CLANG_WARN_UNGUARDED_AVAILABILITY = YES_AGGRESSIVE;
				CLANG_WARN_UNREACHABLE_CODE = YES;
				CLANG_WARN__DUPLICATE_METHOD_MATCH = YES;
				COPY_PHASE_STRIP = NO;
				DEBUG_INFORMATION_FORMAT = dwarf;
				ENABLE_STRICT_OBJC_MSGSEND = YES;
				ENABLE_TESTABILITY = YES;
				GCC_C_LANGUAGE_STANDARD = gnu11;
				GCC_DYNAMIC_NO_PIC = NO;
				GCC_NO_COMMON_BLOCKS = YES;
				GCC_OPTIMIZATION_LEVEL = 0;
				GCC_PREPROCESSOR_DEFINITIONS = (
					"DEBUG=1",
					"$(inherited)",
				);
				GCC_WARN_64_TO_32_BIT_CONVERSION = YES;
				GCC_WARN_ABOUT_RETURN_TYPE = YES_ERROR;
				GCC_WARN_UNDECLARED_SELECTOR = YES;
				GCC_WARN_UNINITIALIZED_AUTOS = YES_AGGRESSIVE;
				GCC_WARN_UNUSED_FUNCTION = YES;
				GCC_WARN_UNUSED_VARIABLE = YES;
				IPHONEOS_DEPLOYMENT_TARGET = 15.4;
				MTL_ENABLE_DEBUG_INFO = INCLUDE_SOURCE;
				MTL_FAST_MATH = YES;
				ONLY_ACTIVE_ARCH = YES;
				SDKROOT = iphoneos;
				SWIFT_ACTIVE_COMPILATION_CONDITIONS = DEBUG;
				SWIFT_OPTIMIZATION_LEVEL = "-Onone";
			};
			name = Debug;
		};
		42F85B7D28953B7A00B10CAD /* Release */ = {
			isa = XCBuildConfiguration;
			buildSettings = {
				ALWAYS_SEARCH_USER_PATHS = NO;
				CLANG_ANALYZER_NONNULL = YES;
				CLANG_ANALYZER_NUMBER_OBJECT_CONVERSION = YES_AGGRESSIVE;
				CLANG_CXX_LANGUAGE_STANDARD = "gnu++17";
				CLANG_ENABLE_MODULES = YES;
				CLANG_ENABLE_OBJC_ARC = YES;
				CLANG_ENABLE_OBJC_WEAK = YES;
				CLANG_WARN_BLOCK_CAPTURE_AUTORELEASING = YES;
				CLANG_WARN_BOOL_CONVERSION = YES;
				CLANG_WARN_COMMA = YES;
				CLANG_WARN_CONSTANT_CONVERSION = YES;
				CLANG_WARN_DEPRECATED_OBJC_IMPLEMENTATIONS = YES;
				CLANG_WARN_DIRECT_OBJC_ISA_USAGE = YES_ERROR;
				CLANG_WARN_DOCUMENTATION_COMMENTS = YES;
				CLANG_WARN_EMPTY_BODY = YES;
				CLANG_WARN_ENUM_CONVERSION = YES;
				CLANG_WARN_INFINITE_RECURSION = YES;
				CLANG_WARN_INT_CONVERSION = YES;
				CLANG_WARN_NON_LITERAL_NULL_CONVERSION = YES;
				CLANG_WARN_OBJC_IMPLICIT_RETAIN_SELF = YES;
				CLANG_WARN_OBJC_LITERAL_CONVERSION = YES;
				CLANG_WARN_OBJC_ROOT_CLASS = YES_ERROR;
				CLANG_WARN_QUOTED_INCLUDE_IN_FRAMEWORK_HEADER = YES;
				CLANG_WARN_RANGE_LOOP_ANALYSIS = YES;
				CLANG_WARN_STRICT_PROTOTYPES = YES;
				CLANG_WARN_SUSPICIOUS_MOVE = YES;
				CLANG_WARN_UNGUARDED_AVAILABILITY = YES_AGGRESSIVE;
				CLANG_WARN_UNREACHABLE_CODE = YES;
				CLANG_WARN__DUPLICATE_METHOD_MATCH = YES;
				COPY_PHASE_STRIP = NO;
				DEBUG_INFORMATION_FORMAT = "dwarf-with-dsym";
				ENABLE_NS_ASSERTIONS = NO;
				ENABLE_STRICT_OBJC_MSGSEND = YES;
				GCC_C_LANGUAGE_STANDARD = gnu11;
				GCC_NO_COMMON_BLOCKS = YES;
				GCC_WARN_64_TO_32_BIT_CONVERSION = YES;
				GCC_WARN_ABOUT_RETURN_TYPE = YES_ERROR;
				GCC_WARN_UNDECLARED_SELECTOR = YES;
				GCC_WARN_UNINITIALIZED_AUTOS = YES_AGGRESSIVE;
				GCC_WARN_UNUSED_FUNCTION = YES;
				GCC_WARN_UNUSED_VARIABLE = YES;
				IPHONEOS_DEPLOYMENT_TARGET = 15.4;
				MTL_ENABLE_DEBUG_INFO = NO;
				MTL_FAST_MATH = YES;
				SDKROOT = iphoneos;
				SWIFT_COMPILATION_MODE = wholemodule;
				SWIFT_OPTIMIZATION_LEVEL = "-O";
				VALIDATE_PRODUCT = YES;
			};
			name = Release;
		};
		42F85B7F28953B7A00B10CAD /* Debug */ = {
			isa = XCBuildConfiguration;
			buildSettings = {
				ASSETCATALOG_COMPILER_APPICON_NAME = AppIcon;
				ASSETCATALOG_COMPILER_GLOBAL_ACCENT_COLOR_NAME = AccentColor;
				CODE_SIGN_STYLE = Automatic;
				CURRENT_PROJECT_VERSION = 1;
				DEVELOPMENT_TEAM = 6RN5R3DLAY;
				GENERATE_INFOPLIST_FILE = YES;
				INFOPLIST_FILE = VIPERDesignPattern/Info.plist;
				INFOPLIST_KEY_UIApplicationSupportsIndirectInputEvents = YES;
				INFOPLIST_KEY_UILaunchStoryboardName = LaunchScreen;
				INFOPLIST_KEY_UISupportedInterfaceOrientations_iPad = "UIInterfaceOrientationPortrait UIInterfaceOrientationPortraitUpsideDown UIInterfaceOrientationLandscapeLeft UIInterfaceOrientationLandscapeRight";
				INFOPLIST_KEY_UISupportedInterfaceOrientations_iPhone = "UIInterfaceOrientationPortrait UIInterfaceOrientationLandscapeLeft UIInterfaceOrientationLandscapeRight";
				LD_RUNPATH_SEARCH_PATHS = (
					"$(inherited)",
					"@executable_path/Frameworks",
				);
				MARKETING_VERSION = 1.0;
				PRODUCT_BUNDLE_IDENTIFIER = HieuTong.VIPERDesignPattern;
				PRODUCT_NAME = "$(TARGET_NAME)";
				SWIFT_EMIT_LOC_STRINGS = YES;
				SWIFT_VERSION = 5.0;
				TARGETED_DEVICE_FAMILY = "1,2";
			};
			name = Debug;
		};
		42F85B8028953B7A00B10CAD /* Release */ = {
			isa = XCBuildConfiguration;
			buildSettings = {
				ASSETCATALOG_COMPILER_APPICON_NAME = AppIcon;
				ASSETCATALOG_COMPILER_GLOBAL_ACCENT_COLOR_NAME = AccentColor;
				CODE_SIGN_STYLE = Automatic;
				CURRENT_PROJECT_VERSION = 1;
				DEVELOPMENT_TEAM = 6RN5R3DLAY;
				GENERATE_INFOPLIST_FILE = YES;
				INFOPLIST_FILE = VIPERDesignPattern/Info.plist;
				INFOPLIST_KEY_UIApplicationSupportsIndirectInputEvents = YES;
				INFOPLIST_KEY_UILaunchStoryboardName = LaunchScreen;
				INFOPLIST_KEY_UISupportedInterfaceOrientations_iPad = "UIInterfaceOrientationPortrait UIInterfaceOrientationPortraitUpsideDown UIInterfaceOrientationLandscapeLeft UIInterfaceOrientationLandscapeRight";
				INFOPLIST_KEY_UISupportedInterfaceOrientations_iPhone = "UIInterfaceOrientationPortrait UIInterfaceOrientationLandscapeLeft UIInterfaceOrientationLandscapeRight";
				LD_RUNPATH_SEARCH_PATHS = (
					"$(inherited)",
					"@executable_path/Frameworks",
				);
				MARKETING_VERSION = 1.0;
				PRODUCT_BUNDLE_IDENTIFIER = HieuTong.VIPERDesignPattern;
				PRODUCT_NAME = "$(TARGET_NAME)";
				SWIFT_EMIT_LOC_STRINGS = YES;
				SWIFT_VERSION = 5.0;
				TARGETED_DEVICE_FAMILY = "1,2";
			};
			name = Release;
		};
/* End XCBuildConfiguration section */

/* Begin XCConfigurationList section */
		42F85B6528953B7500B10CAD /* Build configuration list for PBXProject "VIPERDesignPattern" */ = {
			isa = XCConfigurationList;
			buildConfigurations = (
				42F85B7C28953B7A00B10CAD /* Debug */,
				42F85B7D28953B7A00B10CAD /* Release */,
			);
			defaultConfigurationIsVisible = 0;
			defaultConfigurationName = Release;
		};
		42F85B7E28953B7A00B10CAD /* Build configuration list for PBXNativeTarget "VIPERDesignPattern" */ = {
			isa = XCConfigurationList;
			buildConfigurations = (
				42F85B7F28953B7A00B10CAD /* Debug */,
				42F85B8028953B7A00B10CAD /* Release */,
			);
			defaultConfigurationIsVisible = 0;
			defaultConfigurationName = Release;
		};
/* End XCConfigurationList section */
	};
	rootObject = 42F85B6228953B7500B10CAD /* Project object */;
}
